schema: '2.0'
stages:
  load_data:
    cmd: python src/data/load_data.py --config=params.yaml
    deps:
    - path: data/external/churn_data.csv
      md5: 8929517566f004183dff480fdd48afe0
      size: 391872
    - path: src/data/load_data.py
      md5: 089164f3f1e0e1760a523a4d1b779868
      size: 1388
    outs:
    - path: data/raw/churn_data.csv
      md5: 9b61c38a459d36244dbf8e6940236371
      size: 116146
  split_data:
    cmd: python src/data/split_data.py --config=params.yaml
    deps:
    - path: data/raw/churn_data.csv
      md5: 9b61c38a459d36244dbf8e6940236371
      size: 116146
    - path: src/data/split_data.py
      md5: 691c8951fe002ada825ac1f8284bc3bf
      size: 1559
    outs:
    - path: data/processed/churn_test.csv
      md5: c3a4965f71511e72d4af9ac650f47505
      size: 23358
      isexec: true
    - path: data/processed/churn_train.csv
      md5: 8358e3ab11f8301c58d3b0e5aa99a6fd
      size: 92916
      isexec: true
  model_train:
    cmd: python src/models/train_model.py --config=params.yaml
    deps:
    - path: data/processed/churn_test.csv
      md5: c3a4965f71511e72d4af9ac650f47505
      size: 23358
    - path: data/processed/churn_train.csv
      md5: 8358e3ab11f8301c58d3b0e5aa99a6fd
      size: 92916
    - path: src/models/train_model.py
      md5: e1c5bcf61b8515aa8f06b6cb5b7a2ec1
      size: 3980
    params:
      params.yaml:
        random_forest.max_depth: 5
        random_forest.n_estimators: 30
  log_production_model:
    cmd: python src/models/production_model_selection.py --config=params.yaml
    deps:
    - path: src/models/production_model_selection.py
      md5: dc4126ce25f3b95eab11a21d769f16b1
      size: 1872
      isexec: true
    params:
      params.yaml:
        random_forest.max_depth: 5
        random_forest.n_estimators: 30
    outs:
    - path: models/model.joblib
      md5: 5a9a0b8fb61e2ccaf6a36a66dae63030
      size: 120866
      isexec: true
